Microsoft Visual Studio Solution File, Format Version 11.00
# Visual Studio 2010
Project("{8BC9CEB8-8B4A-11D0-8D11-00A0C91BC942}") = "EGenLoader", "EGenLoader.vcxproj", "{46742F15-6FA1-4B8F-A25B-E3A2C969DF51}"
	ProjectSection(ProjectDependencies) = postProject
		{F4EBEEA8-F4FD-42BC-85FD-611DD96FC56A} = {F4EBEEA8-F4FD-42BC-85FD-611DD96FC56A}
	EndProjectSection
EndProject
Project("{8BC9CEB8-8B4A-11D0-8D11-00A0C91BC942}") = "EGenUtilities", "..\..\Utilities\prj\VS2010\EGenUtilities.vcxproj", "{C83AAAB7-C52E-4457-AA88-2C5AB3A8A7B7}"
EndProject
Project("{8BC9CEB8-8B4A-11D0-8D11-00A0C91BC942}") = "EGenTables", "EGenTables.vcxproj", "{36F8142B-6234-497F-97DA-D1218F5270C6}"
EndProject
Project("{8BC9CEB8-8B4A-11D0-8D11-00A0C91BC942}") = "EGenBaseLoader", "EGenBaseLoader.vcxproj", "{B9C2B7D2-F04B-45D1-B201-6AFBFEC8D25F}"
EndProject
Project("{8BC9CEB8-8B4A-11D0-8D11-00A0C91BC942}") = "EGenMSSQLLoader", "EGenMSSQLLoader.vcxproj", "{0EC75FEF-16B5-4DB5-AD4F-A41F6927CEFC}"
EndProject
Project("{8BC9CEB8-8B4A-11D0-8D11-00A0C91BC942}") = "EGenFlatFileLoader", "EGenFlatFileLoad.vcxproj", "{5A107CCC-9195-4C93-AD04-E30B6C88D356}"
EndProject
Project("{8BC9CEB8-8B4A-11D0-8D11-00A0C91BC942}") = "EGenGenerateAndLoad", "EGenGenerateAndLoad.vcxproj", "{09A6E7DC-802A-4A95-833B-12D0BA0CA977}"
	ProjectSection(ProjectDependencies) = postProject
		{F4EBEEA8-F4FD-42BC-85FD-611DD96FC56A} = {F4EBEEA8-F4FD-42BC-85FD-611DD96FC56A}
	EndProjectSection
EndProject
Project("{8BC9CEB8-8B4A-11D0-8D11-00A0C91BC942}") = "EGenDriverMEELib", "EGenDriverMEELib.vcxproj", "{69127AA7-CAC6-442D-981D-72DBE717A93A}"
EndProject
Project("{8BC9CEB8-8B4A-11D0-8D11-00A0C91BC942}") = "EGenDriverCELib", "EGenDriverCELib.vcxproj", "{35EF6F31-C53E-4DA3-B333-4D214725D59F}"
EndProject
Project("{8BC9CEB8-8B4A-11D0-8D11-00A0C91BC942}") = "EGenDriverDMLib", "EGenDriverDMLib.vcxproj", "{FBCD8B8A-F6C4-4581-ABBA-531801758797}"
EndProject
Project("{8BC9CEB8-8B4A-11D0-8D11-00A0C91BC942}") = "EGenNullLoader", "EGenNullLoader.vcxproj", "{A1B68ACD-D5C4-4BA0-9F67-D10358DF960A}"
EndProject
Project("{8BC9CEB8-8B4A-11D0-8D11-00A0C91BC942}") = "EGenLogger", "EGenLogger.vcxproj", "{FE6E4805-E3C0-47B6-B7FB-D1DCD1FAB24E}"
EndProject
Project("{8BC9CEB8-8B4A-11D0-8D11-00A0C91BC942}") = "EGenValidate", "EGenValidate.vcxproj", "{7525268B-290E-48D4-A1BA-281BB06ECE39}"
EndProject
Project("{8BC9CEB8-8B4A-11D0-8D11-00A0C91BC942}") = "EGenTxnHarness", "EGenTxnHarness.vcxproj", "{2C413BB7-38AC-4040-AB2F-210BBF9FBFB4}"
EndProject
Project("{8BC9CEB8-8B4A-11D0-8D11-00A0C91BC942}") = "EGenInputFiles", "..\..\InputFiles\prj\VS2010\EGenInputFiles.vcxproj", "{F4EBEEA8-F4FD-42BC-85FD-611DD96FC56A}"
EndProject
Global
	GlobalSection(SolutionConfigurationPlatforms) = preSolution
		Debug|Win32 = Debug|Win32
		Debug|x64 = Debug|x64
		Release|Win32 = Release|Win32
		Release|x64 = Release|x64
	EndGlobalSection
	GlobalSection(ProjectConfigurationPlatforms) = postSolution
		{46742F15-6FA1-4B8F-A25B-E3A2C969DF51}.Debug|Win32.ActiveCfg = Debug|Win32
		{46742F15-6FA1-4B8F-A25B-E3A2C969DF51}.Debug|Win32.Build.0 = Debug|Win32
		{46742F15-6FA1-4B8F-A25B-E3A2C969DF51}.Debug|x64.ActiveCfg = Debug|x64
		{46742F15-6FA1-4B8F-A25B-E3A2C969DF51}.Debug|x64.Build.0 = Debug|x64
		{46742F15-6FA1-4B8F-A25B-E3A2C969DF51}.Release|Win32.ActiveCfg = Release|Win32
		{46742F15-6FA1-4B8F-A25B-E3A2C969DF51}.Release|Win32.Build.0 = Release|Win32
		{46742F15-6FA1-4B8F-A25B-E3A2C969DF51}.Release|x64.ActiveCfg = Release|x64
		{46742F15-6FA1-4B8F-A25B-E3A2C969DF51}.Release|x64.Build.0 = Release|x64
		{C83AAAB7-C52E-4457-AA88-2C5AB3A8A7B7}.Debug|Win32.ActiveCfg = Debug|Win32
		{C83AAAB7-C52E-4457-AA88-2C5AB3A8A7B7}.Debug|Win32.Build.0 = Debug|Win32
		{C83AAAB7-C52E-4457-AA88-2C5AB3A8A7B7}.Debug|x64.ActiveCfg = Debug|x64
		{C83AAAB7-C52E-4457-AA88-2C5AB3A8A7B7}.Debug|x64.Build.0 = Debug|x64
		{C83AAAB7-C52E-4457-AA88-2C5AB3A8A7B7}.Release|Win32.ActiveCfg = Release|Win32
		{C83AAAB7-C52E-4457-AA88-2C5AB3A8A7B7}.Release|Win32.Build.0 = Release|Win32
		{C83AAAB7-C52E-4457-AA88-2C5AB3A8A7B7}.Release|x64.ActiveCfg = Release|x64
		{C83AAAB7-C52E-4457-AA88-2C5AB3A8A7B7}.Release|x64.Build.0 = Release|x64
		{36F8142B-6234-497F-97DA-D1218F5270C6}.Debug|Win32.ActiveCfg = Debug|Win32
		{36F8142B-6234-497F-97DA-D1218F5270C6}.Debug|Win32.Build.0 = Debug|Win32
		{36F8142B-6234-497F-97DA-D1218F5270C6}.Debug|x64.ActiveCfg = Debug|x64
		{36F8142B-6234-497F-97DA-D1218F5270C6}.Debug|x64.Build.0 = Debug|x64
		{36F8142B-6234-497F-97DA-D1218F5270C6}.Release|Win32.ActiveCfg = Release|Win32
		{36F8142B-6234-497F-97DA-D1218F5270C6}.Release|Win32.Build.0 = Release|Win32
		{36F8142B-6234-497F-97DA-D1218F5270C6}.Release|x64.ActiveCfg = Release|x64
		{36F8142B-6234-497F-97DA-D1218F5270C6}.Release|x64.Build.0 = Release|x64
		{B9C2B7D2-F04B-45D1-B201-6AFBFEC8D25F}.Debug|Win32.ActiveCfg = Debug|Win32
		{B9C2B7D2-F04B-45D1-B201-6AFBFEC8D25F}.Debug|Win32.Build.0 = Debug|Win32
		{B9C2B7D2-F04B-45D1-B201-6AFBFEC8D25F}.Debug|x64.ActiveCfg = Debug|x64
		{B9C2B7D2-F04B-45D1-B201-6AFBFEC8D25F}.Debug|x64.Build.0 = Debug|x64
		{B9C2B7D2-F04B-45D1-B201-6AFBFEC8D25F}.Release|Win32.ActiveCfg = Release|Win32
		{B9C2B7D2-F04B-45D1-B201-6AFBFEC8D25F}.Release|Win32.Build.0 = Release|Win32
		{B9C2B7D2-F04B-45D1-B201-6AFBFEC8D25F}.Release|x64.ActiveCfg = Release|x64
		{B9C2B7D2-F04B-45D1-B201-6AFBFEC8D25F}.Release|x64.Build.0 = Release|x64
		{0EC75FEF-16B5-4DB5-AD4F-A41F6927CEFC}.Debug|Win32.ActiveCfg = Debug|Win32
		{0EC75FEF-16B5-4DB5-AD4F-A41F6927CEFC}.Debug|Win32.Build.0 = Debug|Win32
		{0EC75FEF-16B5-4DB5-AD4F-A41F6927CEFC}.Debug|x64.ActiveCfg = Debug|x64
		{0EC75FEF-16B5-4DB5-AD4F-A41F6927CEFC}.Debug|x64.Build.0 = Debug|x64
		{0EC75FEF-16B5-4DB5-AD4F-A41F6927CEFC}.Release|Win32.ActiveCfg = Release|Win32
		{0EC75FEF-16B5-4DB5-AD4F-A41F6927CEFC}.Release|Win32.Build.0 = Release|Win32
		{0EC75FEF-16B5-4DB5-AD4F-A41F6927CEFC}.Release|x64.ActiveCfg = Release|x64
		{0EC75FEF-16B5-4DB5-AD4F-A41F6927CEFC}.Release|x64.Build.0 = Release|x64
		{5A107CCC-9195-4C93-AD04-E30B6C88D356}.Debug|Win32.ActiveCfg = Debug|Win32
		{5A107CCC-9195-4C93-AD04-E30B6C88D356}.Debug|Win32.Build.0 = Debug|Win32
		{5A107CCC-9195-4C93-AD04-E30B6C88D356}.Debug|x64.ActiveCfg = Debug|x64
		{5A107CCC-9195-4C93-AD04-E30B6C88D356}.Debug|x64.Build.0 = Debug|x64
		{5A107CCC-9195-4C93-AD04-E30B6C88D356}.Release|Win32.ActiveCfg = Release|Win32
		{5A107CCC-9195-4C93-AD04-E30B6C88D356}.Release|Win32.Build.0 = Release|Win32
		{5A107CCC-9195-4C93-AD04-E30B6C88D356}.Release|x64.ActiveCfg = Release|x64
		{5A107CCC-9195-4C93-AD04-E30B6C88D356}.Release|x64.Build.0 = Release|x64
		{09A6E7DC-802A-4A95-833B-12D0BA0CA977}.Debug|Win32.ActiveCfg = Debug|Win32
		{09A6E7DC-802A-4A95-833B-12D0BA0CA977}.Debug|Win32.Build.0 = Debug|Win32
		{09A6E7DC-802A-4A95-833B-12D0BA0CA977}.Debug|x64.ActiveCfg = Debug|x64
		{09A6E7DC-802A-4A95-833B-12D0BA0CA977}.Debug|x64.Build.0 = Debug|x64
		{09A6E7DC-802A-4A95-833B-12D0BA0CA977}.Release|Win32.ActiveCfg = Release|Win32
		{09A6E7DC-802A-4A95-833B-12D0BA0CA977}.Release|Win32.Build.0 = Release|Win32
		{09A6E7DC-802A-4A95-833B-12D0BA0CA977}.Release|x64.ActiveCfg = Release|x64
		{09A6E7DC-802A-4A95-833B-12D0BA0CA977}.Release|x64.Build.0 = Release|x64
		{69127AA7-CAC6-442D-981D-72DBE717A93A}.Debug|Win32.ActiveCfg = Debug|Win32
		{69127AA7-CAC6-442D-981D-72DBE717A93A}.Debug|Win32.Build.0 = Debug|Win32
		{69127AA7-CAC6-442D-981D-72DBE717A93A}.Debug|x64.ActiveCfg = Debug|x64
		{69127AA7-CAC6-442D-981D-72DBE717A93A}.Debug|x64.Build.0 = Debug|x64
		{69127AA7-CAC6-442D-981D-72DBE717A93A}.Release|Win32.ActiveCfg = Release|Win32
		{69127AA7-CAC6-442D-981D-72DBE717A93A}.Release|Win32.Build.0 = Release|Win32
		{69127AA7-CAC6-442D-981D-72DBE717A93A}.Release|x64.ActiveCfg = Release|x64
		{69127AA7-CAC6-442D-981D-72DBE717A93A}.Release|x64.Build.0 = Release|x64
		{35EF6F31-C53E-4DA3-B333-4D214725D59F}.Debug|Win32.ActiveCfg = Debug|Win32
		{35EF6F31-C53E-4DA3-B333-4D214725D59F}.Debug|Win32.Build.0 = Debug|Win32
		{35EF6F31-C53E-4DA3-B333-4D214725D59F}.Debug|x64.ActiveCfg = Debug|x64
		{35EF6F31-C53E-4DA3-B333-4D214725D59F}.Debug|x64.Build.0 = Debug|x64
		{35EF6F31-C53E-4DA3-B333-4D214725D59F}.Release|Win32.ActiveCfg = Release|Win32
		{35EF6F31-C53E-4DA3-B333-4D214725D59F}.Release|Win32.Build.0 = Release|Win32
		{35EF6F31-C53E-4DA3-B333-4D214725D59F}.Release|x64.ActiveCfg = Release|x64
		{35EF6F31-C53E-4DA3-B333-4D214725D59F}.Release|x64.Build.0 = Release|x64
		{FBCD8B8A-F6C4-4581-ABBA-531801758797}.Debug|Win32.ActiveCfg = Debug|Win32
		{FBCD8B8A-F6C4-4581-ABBA-531801758797}.Debug|Win32.Build.0 = Debug|Win32
		{FBCD8B8A-F6C4-4581-ABBA-531801758797}.Debug|x64.ActiveCfg = Debug|x64
		{FBCD8B8A-F6C4-4581-ABBA-531801758797}.Debug|x64.Build.0 = Debug|x64
		{FBCD8B8A-F6C4-4581-ABBA-531801758797}.Release|Win32.ActiveCfg = Release|Win32
		{FBCD8B8A-F6C4-4581-ABBA-531801758797}.Release|Win32.Build.0 = Release|Win32
		{FBCD8B8A-F6C4-4581-ABBA-531801758797}.Release|x64.ActiveCfg = Release|x64
		{FBCD8B8A-F6C4-4581-ABBA-531801758797}.Release|x64.Build.0 = Release|x64
		{A1B68ACD-D5C4-4BA0-9F67-D10358DF960A}.Debug|Win32.ActiveCfg = Debug|Win32
		{A1B68ACD-D5C4-4BA0-9F67-D10358DF960A}.Debug|Win32.Build.0 = Debug|Win32
		{A1B68ACD-D5C4-4BA0-9F67-D10358DF960A}.Debug|x64.ActiveCfg = Debug|x64
		{A1B68ACD-D5C4-4BA0-9F67-D10358DF960A}.Debug|x64.Build.0 = Debug|x64
		{A1B68ACD-D5C4-4BA0-9F67-D10358DF960A}.Release|Win32.ActiveCfg = Release|Win32
		{A1B68ACD-D5C4-4BA0-9F67-D10358DF960A}.Release|Win32.Build.0 = Release|Win32
		{A1B68ACD-D5C4-4BA0-9F67-D10358DF960A}.Release|x64.ActiveCfg = Release|x64
		{A1B68ACD-D5C4-4BA0-9F67-D10358DF960A}.Release|x64.Build.0 = Release|x64
		{FE6E4805-E3C0-47B6-B7FB-D1DCD1FAB24E}.Debug|Win32.ActiveCfg = Debug|Win32
		{FE6E4805-E3C0-47B6-B7FB-D1DCD1FAB24E}.Debug|Win32.Build.0 = Debug|Win32
		{FE6E4805-E3C0-47B6-B7FB-D1DCD1FAB24E}.Debug|x64.ActiveCfg = Debug|x64
		{FE6E4805-E3C0-47B6-B7FB-D1DCD1FAB24E}.Debug|x64.Build.0 = Debug|x64
		{FE6E4805-E3C0-47B6-B7FB-D1DCD1FAB24E}.Release|Win32.ActiveCfg = Release|Win32
		{FE6E4805-E3C0-47B6-B7FB-D1DCD1FAB24E}.Release|Win32.Build.0 = Release|Win32
		{FE6E4805-E3C0-47B6-B7FB-D1DCD1FAB24E}.Release|x64.ActiveCfg = Release|x64
		{FE6E4805-E3C0-47B6-B7FB-D1DCD1FAB24E}.Release|x64.Build.0 = Release|x64
		{7525268B-290E-48D4-A1BA-281BB06ECE39}.Debug|Win32.ActiveCfg = Debug|Win32
		{7525268B-290E-48D4-A1BA-281BB06ECE39}.Debug|Win32.Build.0 = Debug|Win32
		{7525268B-290E-48D4-A1BA-281BB06ECE39}.Debug|x64.ActiveCfg = Debug|x64
		{7525268B-290E-48D4-A1BA-281BB06ECE39}.Debug|x64.Build.0 = Debug|x64
		{7525268B-290E-48D4-A1BA-281BB06ECE39}.Release|Win32.ActiveCfg = Release|Win32
		{7525268B-290E-48D4-A1BA-281BB06ECE39}.Release|Win32.Build.0 = Release|Win32
		{7525268B-290E-48D4-A1BA-281BB06ECE39}.Release|x64.ActiveCfg = Release|x64
		{7525268B-290E-48D4-A1BA-281BB06ECE39}.Release|x64.Build.0 = Release|x64
		{2C413BB7-38AC-4040-AB2F-210BBF9FBFB4}.Debug|Win32.ActiveCfg = Debug|Win32
		{2C413BB7-38AC-4040-AB2F-210BBF9FBFB4}.Debug|Win32.Build.0 = Debug|Win32
		{2C413BB7-38AC-4040-AB2F-210BBF9FBFB4}.Debug|x64.ActiveCfg = Debug|Win32
		{2C413BB7-38AC-4040-AB2F-210BBF9FBFB4}.Release|Win32.ActiveCfg = Release|Win32
		{2C413BB7-38AC-4040-AB2F-210BBF9FBFB4}.Release|Win32.Build.0 = Release|Win32
		{2C413BB7-38AC-4040-AB2F-210BBF9FBFB4}.Release|x64.ActiveCfg = Release|Win32
		{F4EBEEA8-F4FD-42BC-85FD-611DD96FC56A}.Debug|Win32.ActiveCfg = Debug|Win32
		{F4EBEEA8-F4FD-42BC-85FD-611DD96FC56A}.Debug|Win32.Build.0 = Debug|Win32
		{F4EBEEA8-F4FD-42BC-85FD-611DD96FC56A}.Debug|x64.ActiveCfg = Debug|Win32
		{F4EBEEA8-F4FD-42BC-85FD-611DD96FC56A}.Release|Win32.ActiveCfg = Release|Win32
		{F4EBEEA8-F4FD-42BC-85FD-611DD96FC56A}.Release|Win32.Build.0 = Release|Win32
		{F4EBEEA8-F4FD-42BC-85FD-611DD96FC56A}.Release|x64.ActiveCfg = Release|Win32
	EndGlobalSection
	GlobalSection(SolutionProperties) = preSolution
		HideSolutionNode = FALSE
	EndGlobalSection
EndGlobal
