<?xml version="1.0" encoding="utf-8"?>
<Project ToolsVersion="4.0" xmlns="http://schemas.microsoft.com/developer/msbuild/2003">
  <ItemGroup>
    <Filter Include="src">
      <UniqueIdentifier>{443bd265-b1b5-4134-960f-2fa539539cf8}</UniqueIdentifier>
    </Filter>
    <Filter Include="inc">
      <UniqueIdentifier>{1c5a79dd-04ae-4f95-bce8-a6ad75fba5c5}</UniqueIdentifier>
    </Filter>
  </ItemGroup>
  <ItemGroup>
    <ClInclude Include="..\..\inc\BucketedDataFile.h">
      <Filter>inc</Filter>
    </ClInclude>
    <ClInclude Include="..\..\inc\DataFile.h">
      <Filter>inc</Filter>
    </ClInclude>
    <ClInclude Include="..\..\inc\ITextSplitter.h">
      <Filter>inc</Filter>
    </ClInclude>
    <ClInclude Include="..\..\inc\StreamSplitter.h">
      <Filter>inc</Filter>
    </ClInclude>
    <ClInclude Include="..\..\inc\StringSplitter.h">
      <Filter>inc</Filter>
    </ClInclude>
    <ClInclude Include="..\..\inc\TextFileSplitter.h">
      <Filter>inc</Filter>
    </ClInclude>
    <ClInclude Include="..\..\inc\WeightedDataFile.h">
      <Filter>inc</Filter>
    </ClInclude>
    <ClInclude Include="..\..\inc\AreaCodeDataFileRecord.h">
      <Filter>inc</Filter>
    </ClInclude>
    <ClInclude Include="..\..\inc\ChargeDataFileRecord.h">
      <Filter>inc</Filter>
    </ClInclude>
    <ClInclude Include="..\..\inc\CommissionRateDataFileRecord.h">
      <Filter>inc</Filter>
    </ClInclude>
    <ClInclude Include="..\..\inc\CompanyDataFileRecord.h">
      <Filter>inc</Filter>
    </ClInclude>
    <ClInclude Include="..\..\inc\CompanyCompetitorDataFileRecord.h">
      <Filter>inc</Filter>
    </ClInclude>
    <ClInclude Include="..\..\inc\CompanySPRateDataFileRecord.h">
      <Filter>inc</Filter>
    </ClInclude>
    <ClInclude Include="..\..\inc\ExchangeDataFileRecord.h">
      <Filter>inc</Filter>
    </ClInclude>
    <ClInclude Include="..\..\inc\FemaleFirstNameDataFileRecord.h">
      <Filter>inc</Filter>
    </ClInclude>
    <ClInclude Include="..\..\inc\IndustryDataFileRecord.h">
      <Filter>inc</Filter>
    </ClInclude>
    <ClInclude Include="..\..\inc\LastNameDataFileRecord.h">
      <Filter>inc</Filter>
    </ClInclude>
    <ClInclude Include="..\..\inc\MaleFirstNameDataFileRecord.h">
      <Filter>inc</Filter>
    </ClInclude>
    <ClInclude Include="..\..\inc\NonTaxableAccountNameDataFileRecord.h">
      <Filter>inc</Filter>
    </ClInclude>
    <ClInclude Include="..\..\inc\SectorDataFileRecord.h">
      <Filter>inc</Filter>
    </ClInclude>
    <ClInclude Include="..\..\inc\SecurityDataFileRecord.h">
      <Filter>inc</Filter>
    </ClInclude>
    <ClInclude Include="..\..\inc\StatusTypeDataFileRecord.h">
      <Filter>inc</Filter>
    </ClInclude>
    <ClInclude Include="..\..\inc\StreetNameDataFileRecord.h">
      <Filter>inc</Filter>
    </ClInclude>
    <ClInclude Include="..\..\inc\StreetSuffixDataFileRecord.h">
      <Filter>inc</Filter>
    </ClInclude>
    <ClInclude Include="..\..\inc\TaxableAccountNameDataFileRecord.h">
      <Filter>inc</Filter>
    </ClInclude>
    <ClInclude Include="..\..\inc\TradeTypeDataFileRecord.h">
      <Filter>inc</Filter>
    </ClInclude>
    <ClInclude Include="..\..\inc\ZipCodeDataFileRecord.h">
      <Filter>inc</Filter>
    </ClInclude>
    <ClInclude Include="..\..\inc\ShrinkToFit.h">
      <Filter>inc</Filter>
    </ClInclude>
    <ClInclude Include="..\..\inc\DataFileManager.h">
      <Filter>inc</Filter>
    </ClInclude>
    <ClInclude Include="..\..\inc\DataFileTypes.h">
      <Filter>inc</Filter>
    </ClInclude>
    <ClInclude Include="..\..\inc\TaxRateFile.h">
      <Filter>inc</Filter>
    </ClInclude>
    <ClInclude Include="..\..\inc\TaxRateCountryDataFileRecord.h">
      <Filter>inc</Filter>
    </ClInclude>
    <ClInclude Include="..\..\inc\TaxRateDivisionDataFileRecord.h">
      <Filter>inc</Filter>
    </ClInclude>
    <ClInclude Include="..\..\inc\ITaxRateFileRecord.h">
      <Filter>inc</Filter>
    </ClInclude>
    <ClInclude Include="..\..\inc\CompanyCompetitorFile.h">
      <Filter>inc</Filter>
    </ClInclude>
    <ClInclude Include="..\..\inc\CompanyFile.h">
      <Filter>inc</Filter>
    </ClInclude>
    <ClInclude Include="..\..\inc\SecurityFile.h">
      <Filter>inc</Filter>
    </ClInclude>
    <ClInclude Include="..\..\inc\NewsDataFileRecord.h">
      <Filter>inc</Filter>
    </ClInclude>
    <ClInclude Include="..\..\inc\Utilities.h">
      <Filter>inc</Filter>
    </ClInclude>
  </ItemGroup>
  <ItemGroup>
    <ClCompile Include="..\..\src\StreamSplitter.cpp">
      <Filter>src</Filter>
    </ClCompile>
    <ClCompile Include="..\..\src\StringSplitter.cpp">
      <Filter>src</Filter>
    </ClCompile>
    <ClCompile Include="..\..\src\TextFileSplitter.cpp">
      <Filter>src</Filter>
    </ClCompile>
    <ClCompile Include="..\..\src\AreaCodeDataFileRecord.cpp">
      <Filter>src</Filter>
    </ClCompile>
    <ClCompile Include="..\..\src\ChargeDataFileRecord.cpp">
      <Filter>src</Filter>
    </ClCompile>
    <ClCompile Include="..\..\src\CommissionRateDataFileRecord.cpp">
      <Filter>src</Filter>
    </ClCompile>
    <ClCompile Include="..\..\src\CompanyDataFileRecord.cpp">
      <Filter>src</Filter>
    </ClCompile>
    <ClCompile Include="..\..\src\CompanyCompetitorDataFileRecord.cpp">
      <Filter>src</Filter>
    </ClCompile>
    <ClCompile Include="..\..\src\CompanySPRateDataFileRecord.cpp">
      <Filter>src</Filter>
    </ClCompile>
    <ClCompile Include="..\..\src\ExchangeDataFileRecord.cpp">
      <Filter>src</Filter>
    </ClCompile>
    <ClCompile Include="..\..\src\FemaleFirstNameDataFileRecord.cpp">
      <Filter>src</Filter>
    </ClCompile>
    <ClCompile Include="..\..\src\IndustryDataFileRecord.cpp">
      <Filter>src</Filter>
    </ClCompile>
    <ClCompile Include="..\..\src\LastNameDataFileRecord.cpp">
      <Filter>src</Filter>
    </ClCompile>
    <ClCompile Include="..\..\src\MaleFirstNameDataFileRecord.cpp">
      <Filter>src</Filter>
    </ClCompile>
    <ClCompile Include="..\..\src\NonTaxableAccountNameDataFileRecord.cpp">
      <Filter>src</Filter>
    </ClCompile>
    <ClCompile Include="..\..\src\SectorDataFileRecord.cpp">
      <Filter>src</Filter>
    </ClCompile>
    <ClCompile Include="..\..\src\SecurityDataFileRecord.cpp">
      <Filter>src</Filter>
    </ClCompile>
    <ClCompile Include="..\..\src\StatusTypeDataFileRecord.cpp">
      <Filter>src</Filter>
    </ClCompile>
    <ClCompile Include="..\..\src\StreetNameDataFileRecord.cpp">
      <Filter>src</Filter>
    </ClCompile>
    <ClCompile Include="..\..\src\StreetSuffixDataFileRecord.cpp">
      <Filter>src</Filter>
    </ClCompile>
    <ClCompile Include="..\..\src\TaxableAccountNameDataFileRecord.cpp">
      <Filter>src</Filter>
    </ClCompile>
    <ClCompile Include="..\..\src\TradeTypeDataFileRecord.cpp">
      <Filter>src</Filter>
    </ClCompile>
    <ClCompile Include="..\..\src\ZipCodeDataFileRecord.cpp">
      <Filter>src</Filter>
    </ClCompile>
    <ClCompile Include="..\..\src\DataFileManager.cpp">
      <Filter>src</Filter>
    </ClCompile>
    <ClCompile Include="..\..\src\TaxRateFile.cpp">
      <Filter>src</Filter>
    </ClCompile>
    <ClCompile Include="..\..\src\TaxRateCountryDataFileRecord.cpp">
      <Filter>src</Filter>
    </ClCompile>
    <ClCompile Include="..\..\src\TaxRateDivisionDataFileRecord.cpp">
      <Filter>src</Filter>
    </ClCompile>
    <ClCompile Include="..\..\src\NewsDataFileRecord.cpp">
      <Filter>src</Filter>
    </ClCompile>
    <ClCompile Include="..\..\src\SecurityFile.cpp">
      <Filter>src</Filter>
    </ClCompile>
    <ClCompile Include="..\..\src\CompanyCompetitorFile.cpp">
      <Filter>src</Filter>
    </ClCompile>
    <ClCompile Include="..\..\src\CompanyFile.cpp">
      <Filter>src</Filter>
    </ClCompile>
    <ClCompile Include="..\..\src\Utilities.cpp">
      <Filter>src</Filter>
    </ClCompile>
  </ItemGroup>
</Project>